
Microsoft Visual Studio Solution File, Format Version 12.00
# Visual Studio Version 17
VisualStudioVersion = 17.4.33213.308
MinimumVisualStudioVersion = 10.0.40219.1
Project("{9A19103F-16F7-4668-BE54-9A1E7A4F7556}") = "NotificationsPush", "NotificationsPush\NotificationsPush.csproj", "{99CE3815-E255-42FB-8DB0-0E7F89F9347F}"
EndProject
Project("{9A19103F-16F7-4668-BE54-9A1E7A4F7556}") = "NotificationsPush.Tests", "NotificationsPush.Tests\NotificationsPush.Tests.csproj", "{AC8F091E-9583-4D4F-9989-BE12CB143E4A}"
EndProject
Project("{FAE04EC0-301F-11D3-BF4B-00C04F79EFBC}") = "NotificationsPush.TestMoq", "NotificationsPush.TestMoq\NotificationsPush.TestMoq.csproj", "{333F9015-D665-4A80-849E-18E2166F3084}"
EndProject
Global
	GlobalSection(SolutionConfigurationPlatforms) = preSolution
		Debug|Any CPU = Debug|Any CPU
		Release|Any CPU = Release|Any CPU
	EndGlobalSection
	GlobalSection(ProjectConfigurationPlatforms) = postSolution
		{99CE3815-E255-42FB-8DB0-0E7F89F9347F}.Debug|Any CPU.ActiveCfg = Debug|Any CPU
		{99CE3815-E255-42FB-8DB0-0E7F89F9347F}.Debug|Any CPU.Build.0 = Debug|Any CPU
		{99CE3815-E255-42FB-8DB0-0E7F89F9347F}.Release|Any CPU.ActiveCfg = Release|Any CPU
		{99CE3815-E255-42FB-8DB0-0E7F89F9347F}.Release|Any CPU.Build.0 = Release|Any CPU
		{AC8F091E-9583-4D4F-9989-BE12CB143E4A}.Debug|Any CPU.ActiveCfg = Debug|Any CPU
		{AC8F091E-9583-4D4F-9989-BE12CB143E4A}.Debug|Any CPU.Build.0 = Debug|Any CPU
		{AC8F091E-9583-4D4F-9989-BE12CB143E4A}.Release|Any CPU.ActiveCfg = Release|Any CPU
		{AC8F091E-9583-4D4F-9989-BE12CB143E4A}.Release|Any CPU.Build.0 = Release|Any CPU
		{333F9015-D665-4A80-849E-18E2166F3084}.Debug|Any CPU.ActiveCfg = Debug|Any CPU
		{333F9015-D665-4A80-849E-18E2166F3084}.Debug|Any CPU.Build.0 = Debug|Any CPU
		{333F9015-D665-4A80-849E-18E2166F3084}.Release|Any CPU.ActiveCfg = Release|Any CPU
		{333F9015-D665-4A80-849E-18E2166F3084}.Release|Any CPU.Build.0 = Release|Any CPU
	EndGlobalSection
	GlobalSection(SolutionProperties) = preSolution
		HideSolutionNode = FALSE
	EndGlobalSection
	GlobalSection(ExtensibilityGlobals) = postSolution
		SolutionGuid = {22C2BF2B-9668-4884-8D11-70DCEB8A0F21}
	EndGlobalSection
EndGlobal
